{
  "name": "mpv-lrc-loader",
  "version": "1.0.0",
  "lockfileVersion": 3,
  "requires": true,
  "packages": {
    "": {
      "name": "mpv-lrc-loader",
      "version": "1.0.0",
      "license": "MIT",
      "devDependencies": {
        "@types/mpv-script": "^0.32.2",
        "prettier": "^3.8.3",
        "typescript": "^4.9.4"
      }
    },
    "node_modules/@types/mpv-script": {
      "version": "0.32.8",
      "resolved": "https://registry.npmjs.org/@types/mpv-script/-/mpv-script-0.32.8.tgz",
      "integrity": "sha512-FghPilWokSIoMnezoyrfetgPIE26wD3GlxK6oaRKbgkNzYnEnhK/B9TeaKRD7GNKyUJdX9pAHfnasyChhZvQSg==",
      "dev": true,
      "license": "MIT"
    },
    "node_modules/prettier": {
      "version": "3.8.3",
      "resolved": "https://registry.npmjs.org/prettier/-/prettier-3.8.3.tgz",
      "integrity": "sha512-7igPTM53cGHMW8xWuVTydi2KO233VFiTNyF5hLJqpilHfmn8C8gPf+PS7dUT64YcXFbiMGZxS9pCSxL/Dxm/Jw==",
      "dev": true,
      "license": "MIT",
      "bin": {
        "prettier": "bin/prettier.cjs"
      },
      "engines": {
        "node": ">=14"
      },
      "funding": {
        "url": "https://github.com/prettier/prettier?sponsor=1"
      }
    },
    "node_modules/typescript": {
      "version": "4.9.5",
      "resolved": "https://registry.npmjs.org/typescript/-/typescript-4.9.5.tgz",
      "integrity": "sha512-1FXk9E2Hm+QzZQ7z+McJiHL4NW1F2EzMu9Nq9i3zAaGqibafqYwCVU6WyWAuyQRRzOlxou8xZSyXLEN8oKj24g==",
      "dev": true,
      "license": "Apache-2.0",
      "bin": {
        "tsc": "bin/tsc",
        "tsserver": "bin/tsserver"
      },
      "engines": {
        "node": ">=4.2.0"
      }
    }
  }
}
